
Microsoft Visual Studio Solution File, Format Version 12.00
# Visual Studio Version 17
VisualStudioVersion = 17.14.36127.28 d17.14
MinimumVisualStudioVersion = 10.0.40219.1
Project("{FAE04EC0-301F-11D3-BF4B-00C04F79EFBC}") = "CASA3", "CASA3\CASA3.csproj", "{0407B13A-099A-41B9-A24A-BB1F60C596AB}"
EndProject
Project("{FAE04EC0-301F-11D3-BF4B-00C04F79EFBC}") = "Logic", "Logic\Logic.csproj", "{6791561F-2BFE-47B7-A2BF-5F38A1BB1176}"
EndProject
Project("{FAE04EC0-301F-11D3-BF4B-00C04F79EFBC}") = "Core", "Core\Core.csproj", "{0A7DE4B4-3551-4470-82F1-BD59FDFAFD4B}"
EndProject
Global
	GlobalSection(SolutionConfigurationPlatforms) = preSolution
		Debug|Any CPU = Debug|Any CPU
		Release|Any CPU = Release|Any CPU
	EndGlobalSection
	GlobalSection(ProjectConfigurationPlatforms) = postSolution
		{0407B13A-099A-41B9-A24A-BB1F60C596AB}.Debug|Any CPU.ActiveCfg = Debug|Any CPU
		{0407B13A-099A-41B9-A24A-BB1F60C596AB}.Debug|Any CPU.Build.0 = Debug|Any CPU
		{0407B13A-099A-41B9-A24A-BB1F60C596AB}.Release|Any CPU.ActiveCfg = Release|Any CPU
		{0407B13A-099A-41B9-A24A-BB1F60C596AB}.Release|Any CPU.Build.0 = Release|Any CPU
		{6791561F-2BFE-47B7-A2BF-5F38A1BB1176}.Debug|Any CPU.ActiveCfg = Debug|Any CPU
		{6791561F-2BFE-47B7-A2BF-5F38A1BB1176}.Debug|Any CPU.Build.0 = Debug|Any CPU
		{6791561F-2BFE-47B7-A2BF-5F38A1BB1176}.Release|Any CPU.ActiveCfg = Release|Any CPU
		{6791561F-2BFE-47B7-A2BF-5F38A1BB1176}.Release|Any CPU.Build.0 = Release|Any CPU
		{0A7DE4B4-3551-4470-82F1-BD59FDFAFD4B}.Debug|Any CPU.ActiveCfg = Debug|Any CPU
		{0A7DE4B4-3551-4470-82F1-BD59FDFAFD4B}.Debug|Any CPU.Build.0 = Debug|Any CPU
		{0A7DE4B4-3551-4470-82F1-BD59FDFAFD4B}.Release|Any CPU.ActiveCfg = Release|Any CPU
		{0A7DE4B4-3551-4470-82F1-BD59FDFAFD4B}.Release|Any CPU.Build.0 = Release|Any CPU
	EndGlobalSection
	GlobalSection(SolutionProperties) = preSolution
		HideSolutionNode = FALSE
	EndGlobalSection
	GlobalSection(ExtensibilityGlobals) = postSolution
		SolutionGuid = {17655A90-8E34-40C0-BEF4-DBF041ABC40A}
	EndGlobalSection
EndGlobal
